
Microsoft Visual Studio Solution File, Format Version 12.00
# Visual Studio Version 17
VisualStudioVersion = 17.4.33213.308
MinimumVisualStudioVersion = 10.0.40219.1
Project("{9A19103F-16F7-4668-BE54-9A1E7A4F7556}") = "RentDesktop", "RentDesktop\RentDesktop.csproj", "{D556C26D-93B5-4564-B084-59A4F0BC20BC}"
EndProject
Global
	GlobalSection(SolutionConfigurationPlatforms) = preSolution
		Debug|Any CPU = Debug|Any CPU
		Release|Any CPU = Release|Any CPU
	EndGlobalSection
	GlobalSection(ProjectConfigurationPlatforms) = postSolution
		{D556C26D-93B5-4564-B084-59A4F0BC20BC}.Debug|Any CPU.ActiveCfg = Debug|Any CPU
		{D556C26D-93B5-4564-B084-59A4F0BC20BC}.Debug|Any CPU.Build.0 = Debug|Any CPU
		{D556C26D-93B5-4564-B084-59A4F0BC20BC}.Release|Any CPU.ActiveCfg = Release|Any CPU
		{D556C26D-93B5-4564-B084-59A4F0BC20BC}.Release|Any CPU.Build.0 = Release|Any CPU
	EndGlobalSection
	GlobalSection(SolutionProperties) = preSolution
		HideSolutionNode = FALSE
	EndGlobalSection
	GlobalSection(ExtensibilityGlobals) = postSolution
		SolutionGuid = {931D3609-D1B4-4EC7-BA1D-342895A01F04}
	EndGlobalSection
EndGlobal
